
Microsoft Visual Studio Solution File, Format Version 12.00
# Visual Studio Version 18
VisualStudioVersion = 18.0.11205.157 d18.0
MinimumVisualStudioVersion = 10.0.40219.1
Project("{FAE04EC0-301F-11D3-BF4B-00C04F79EFBC}") = "DRMA.WEB", "DRMA.WEB\DRMA.WEB.csproj", "{C8FBA6DB-79BE-4145-A205-D1A729F0CDDE}"
EndProject
Project("{2150E333-8FDC-42A3-9474-1A3956D46DE8}") = "Solution Items", "Solution Items", "{8EC462FD-D22E-90A8-E5CE-7E832BA40C5D}"
	ProjectSection(SolutionItems) = preProject
		.gitattributes = .gitattributes
		.gitignore = .gitignore
		.github\workflows\azure-static-web-apps-calm-bay-067e1e01e.yml = .github\workflows\azure-static-web-apps-calm-bay-067e1e01e.yml
	EndProjectSection
EndProject
Global
	GlobalSection(SolutionConfigurationPlatforms) = preSolution
		Debug|Any CPU = Debug|Any CPU
		Release|Any CPU = Release|Any CPU
	EndGlobalSection
	GlobalSection(ProjectConfigurationPlatforms) = postSolution
		{C8FBA6DB-79BE-4145-A205-D1A729F0CDDE}.Debug|Any CPU.ActiveCfg = Debug|Any CPU
		{C8FBA6DB-79BE-4145-A205-D1A729F0CDDE}.Debug|Any CPU.Build.0 = Debug|Any CPU
		{C8FBA6DB-79BE-4145-A205-D1A729F0CDDE}.Release|Any CPU.ActiveCfg = Release|Any CPU
		{C8FBA6DB-79BE-4145-A205-D1A729F0CDDE}.Release|Any CPU.Build.0 = Release|Any CPU
	EndGlobalSection
	GlobalSection(SolutionProperties) = preSolution
		HideSolutionNode = FALSE
	EndGlobalSection
	GlobalSection(ExtensibilityGlobals) = postSolution
		SolutionGuid = {7A76EB3E-94EA-433C-B1F1-3990446CCDFD}
	EndGlobalSection
EndGlobal
